
Microsoft Visual Studio Solution File, Format Version 12.00
# Visual Studio Version 17
VisualStudioVersion = 17.13.35931.197 d17.13
MinimumVisualStudioVersion = 10.0.40219.1
Project("{FAE04EC0-301F-11D3-BF4B-00C04F79EFBC}") = "Ejercicio_N17", "Ejercicio_N17\Ejercicio_N17.csproj", "{680F2D6E-D96E-4F48-82FB-DA04EC36927D}"
EndProject
Global
	GlobalSection(SolutionConfigurationPlatforms) = preSolution
		Debug|Any CPU = Debug|Any CPU
		Release|Any CPU = Release|Any CPU
	EndGlobalSection
	GlobalSection(ProjectConfigurationPlatforms) = postSolution
		{680F2D6E-D96E-4F48-82FB-DA04EC36927D}.Debug|Any CPU.ActiveCfg = Debug|Any CPU
		{680F2D6E-D96E-4F48-82FB-DA04EC36927D}.Debug|Any CPU.Build.0 = Debug|Any CPU
		{680F2D6E-D96E-4F48-82FB-DA04EC36927D}.Release|Any CPU.ActiveCfg = Release|Any CPU
		{680F2D6E-D96E-4F48-82FB-DA04EC36927D}.Release|Any CPU.Build.0 = Release|Any CPU
	EndGlobalSection
	GlobalSection(SolutionProperties) = preSolution
		HideSolutionNode = FALSE
	EndGlobalSection
	GlobalSection(ExtensibilityGlobals) = postSolution
		SolutionGuid = {CFEBF811-EF3B-4B37-8BED-741E715D783C}
	EndGlobalSection
EndGlobal
