
Microsoft Visual Studio Solution File, Format Version 12.00
# Visual Studio Version 17
VisualStudioVersion = 17.13.35931.197 d17.13
MinimumVisualStudioVersion = 10.0.40219.1
Project("{FAE04EC0-301F-11D3-BF4B-00C04F79EFBC}") = "Ejercicio_N7", "Ejercicio_N7\Ejercicio_N7.csproj", "{B20B7BD2-812D-473A-9FE1-0CD660C83249}"
EndProject
Global
	GlobalSection(SolutionConfigurationPlatforms) = preSolution
		Debug|Any CPU = Debug|Any CPU
		Release|Any CPU = Release|Any CPU
	EndGlobalSection
	GlobalSection(ProjectConfigurationPlatforms) = postSolution
		{B20B7BD2-812D-473A-9FE1-0CD660C83249}.Debug|Any CPU.ActiveCfg = Debug|Any CPU
		{B20B7BD2-812D-473A-9FE1-0CD660C83249}.Debug|Any CPU.Build.0 = Debug|Any CPU
		{B20B7BD2-812D-473A-9FE1-0CD660C83249}.Release|Any CPU.ActiveCfg = Release|Any CPU
		{B20B7BD2-812D-473A-9FE1-0CD660C83249}.Release|Any CPU.Build.0 = Release|Any CPU
	EndGlobalSection
	GlobalSection(SolutionProperties) = preSolution
		HideSolutionNode = FALSE
	EndGlobalSection
	GlobalSection(ExtensibilityGlobals) = postSolution
		SolutionGuid = {165B8B3C-19CE-478A-BAF2-9958E83E8A93}
	EndGlobalSection
EndGlobal
