
Microsoft Visual Studio Solution File, Format Version 12.00
# Visual Studio Version 17
VisualStudioVersion = 17.13.35931.197 d17.13
MinimumVisualStudioVersion = 10.0.40219.1
Project("{FAE04EC0-301F-11D3-BF4B-00C04F79EFBC}") = "Ejercicio_N2", "Ejercicio_N2\Ejercicio_N2.csproj", "{CBFD0CF6-74A2-4ED3-B54A-37107D6643FC}"
EndProject
Global
	GlobalSection(SolutionConfigurationPlatforms) = preSolution
		Debug|Any CPU = Debug|Any CPU
		Release|Any CPU = Release|Any CPU
	EndGlobalSection
	GlobalSection(ProjectConfigurationPlatforms) = postSolution
		{CBFD0CF6-74A2-4ED3-B54A-37107D6643FC}.Debug|Any CPU.ActiveCfg = Debug|Any CPU
		{CBFD0CF6-74A2-4ED3-B54A-37107D6643FC}.Debug|Any CPU.Build.0 = Debug|Any CPU
		{CBFD0CF6-74A2-4ED3-B54A-37107D6643FC}.Release|Any CPU.ActiveCfg = Release|Any CPU
		{CBFD0CF6-74A2-4ED3-B54A-37107D6643FC}.Release|Any CPU.Build.0 = Release|Any CPU
	EndGlobalSection
	GlobalSection(SolutionProperties) = preSolution
		HideSolutionNode = FALSE
	EndGlobalSection
	GlobalSection(ExtensibilityGlobals) = postSolution
		SolutionGuid = {C0290A2F-591C-48EC-B72E-76CE0DA777AA}
	EndGlobalSection
EndGlobal
