
Microsoft Visual Studio Solution File, Format Version 12.00
# Visual Studio Version 17
VisualStudioVersion = 17.13.35931.197 d17.13
MinimumVisualStudioVersion = 10.0.40219.1
Project("{FAE04EC0-301F-11D3-BF4B-00C04F79EFBC}") = "Ejercicio_N6", "Ejercicio_N6\Ejercicio_N6.csproj", "{6416E476-BB56-4140-9B32-994D477199FA}"
EndProject
Global
	GlobalSection(SolutionConfigurationPlatforms) = preSolution
		Debug|Any CPU = Debug|Any CPU
		Release|Any CPU = Release|Any CPU
	EndGlobalSection
	GlobalSection(ProjectConfigurationPlatforms) = postSolution
		{6416E476-BB56-4140-9B32-994D477199FA}.Debug|Any CPU.ActiveCfg = Debug|Any CPU
		{6416E476-BB56-4140-9B32-994D477199FA}.Debug|Any CPU.Build.0 = Debug|Any CPU
		{6416E476-BB56-4140-9B32-994D477199FA}.Release|Any CPU.ActiveCfg = Release|Any CPU
		{6416E476-BB56-4140-9B32-994D477199FA}.Release|Any CPU.Build.0 = Release|Any CPU
	EndGlobalSection
	GlobalSection(SolutionProperties) = preSolution
		HideSolutionNode = FALSE
	EndGlobalSection
	GlobalSection(ExtensibilityGlobals) = postSolution
		SolutionGuid = {A25CA8C9-6F17-4594-9728-7CC49962A66E}
	EndGlobalSection
EndGlobal
