
Microsoft Visual Studio Solution File, Format Version 12.00
# Visual Studio Version 17
VisualStudioVersion = 17.13.35931.197 d17.13
MinimumVisualStudioVersion = 10.0.40219.1
Project("{FAE04EC0-301F-11D3-BF4B-00C04F79EFBC}") = "Ejercicio_N9", "Ejercicio_N9\Ejercicio_N9.csproj", "{EC78C1E1-BF1A-48B3-96AE-2A349E4EBA18}"
EndProject
Global
	GlobalSection(SolutionConfigurationPlatforms) = preSolution
		Debug|Any CPU = Debug|Any CPU
		Release|Any CPU = Release|Any CPU
	EndGlobalSection
	GlobalSection(ProjectConfigurationPlatforms) = postSolution
		{EC78C1E1-BF1A-48B3-96AE-2A349E4EBA18}.Debug|Any CPU.ActiveCfg = Debug|Any CPU
		{EC78C1E1-BF1A-48B3-96AE-2A349E4EBA18}.Debug|Any CPU.Build.0 = Debug|Any CPU
		{EC78C1E1-BF1A-48B3-96AE-2A349E4EBA18}.Release|Any CPU.ActiveCfg = Release|Any CPU
		{EC78C1E1-BF1A-48B3-96AE-2A349E4EBA18}.Release|Any CPU.Build.0 = Release|Any CPU
	EndGlobalSection
	GlobalSection(SolutionProperties) = preSolution
		HideSolutionNode = FALSE
	EndGlobalSection
	GlobalSection(ExtensibilityGlobals) = postSolution
		SolutionGuid = {9E04C8E8-09B0-40E9-A4D4-C3326B904DC0}
	EndGlobalSection
EndGlobal
