
Microsoft Visual Studio Solution File, Format Version 12.00
# Visual Studio Version 17
VisualStudioVersion = 17.13.35931.197 d17.13
MinimumVisualStudioVersion = 10.0.40219.1
Project("{FAE04EC0-301F-11D3-BF4B-00C04F79EFBC}") = "Ejercicio_N1", "Ejercicio_N1\Ejercicio_N1.csproj", "{CFE7A4C2-A996-488F-BEB6-9A2047CC0DBE}"
EndProject
Global
	GlobalSection(SolutionConfigurationPlatforms) = preSolution
		Debug|Any CPU = Debug|Any CPU
		Release|Any CPU = Release|Any CPU
	EndGlobalSection
	GlobalSection(ProjectConfigurationPlatforms) = postSolution
		{CFE7A4C2-A996-488F-BEB6-9A2047CC0DBE}.Debug|Any CPU.ActiveCfg = Debug|Any CPU
		{CFE7A4C2-A996-488F-BEB6-9A2047CC0DBE}.Debug|Any CPU.Build.0 = Debug|Any CPU
		{CFE7A4C2-A996-488F-BEB6-9A2047CC0DBE}.Release|Any CPU.ActiveCfg = Release|Any CPU
		{CFE7A4C2-A996-488F-BEB6-9A2047CC0DBE}.Release|Any CPU.Build.0 = Release|Any CPU
	EndGlobalSection
	GlobalSection(SolutionProperties) = preSolution
		HideSolutionNode = FALSE
	EndGlobalSection
	GlobalSection(ExtensibilityGlobals) = postSolution
		SolutionGuid = {33B34FA4-BF76-4C64-99CA-40508D9BB7D7}
	EndGlobalSection
EndGlobal
